
Microsoft Visual Studio Solution File, Format Version 12.00
# Visual Studio Version 17
VisualStudioVersion = 17.13.35825.156 d17.13
MinimumVisualStudioVersion = 10.0.40219.1
Project("{FAE04EC0-301F-11D3-BF4B-00C04F79EFBC}") = "OvO", "OvO\OvO.csproj", "{5CF167A0-223B-4EDE-8ED4-598CC6D43DC1}"
EndProject
Global
	GlobalSection(SolutionConfigurationPlatforms) = preSolution
		Debug|Any CPU = Debug|Any CPU
		Release|Any CPU = Release|Any CPU
	EndGlobalSection
	GlobalSection(ProjectConfigurationPlatforms) = postSolution
		{5CF167A0-223B-4EDE-8ED4-598CC6D43DC1}.Debug|Any CPU.ActiveCfg = Debug|Any CPU
		{5CF167A0-223B-4EDE-8ED4-598CC6D43DC1}.Debug|Any CPU.Build.0 = Debug|Any CPU
		{5CF167A0-223B-4EDE-8ED4-598CC6D43DC1}.Release|Any CPU.ActiveCfg = Release|Any CPU
		{5CF167A0-223B-4EDE-8ED4-598CC6D43DC1}.Release|Any CPU.Build.0 = Release|Any CPU
	EndGlobalSection
	GlobalSection(SolutionProperties) = preSolution
		HideSolutionNode = FALSE
	EndGlobalSection
	GlobalSection(ExtensibilityGlobals) = postSolution
		SolutionGuid = {D9F84C8C-766C-4687-9A32-9E51821C2206}
	EndGlobalSection
EndGlobal
